
Microsoft Visual Studio Solution File, Format Version 12.00
# Visual Studio Version 16
VisualStudioVersion = 16.0.31829.152
MinimumVisualStudioVersion = 10.0.40219.1
Project("{F184B08F-C81C-45F6-A57F-5ABD9991F28F}") = "DetermineGenderByICNumber", "DetermineGenderByICNumber.vbproj", "{4C901B12-2BAA-46A6-BB70-DBC335BDBCA6}"
EndProject
Global
	GlobalSection(SolutionConfigurationPlatforms) = preSolution
		Debug|Any CPU = Debug|Any CPU
		Release|Any CPU = Release|Any CPU
	EndGlobalSection
	GlobalSection(ProjectConfigurationPlatforms) = postSolution
		{4C901B12-2BAA-46A6-BB70-DBC335BDBCA6}.Debug|Any CPU.ActiveCfg = Debug|Any CPU
		{4C901B12-2BAA-46A6-BB70-DBC335BDBCA6}.Debug|Any CPU.Build.0 = Debug|Any CPU
		{4C901B12-2BAA-46A6-BB70-DBC335BDBCA6}.Release|Any CPU.ActiveCfg = Release|Any CPU
		{4C901B12-2BAA-46A6-BB70-DBC335BDBCA6}.Release|Any CPU.Build.0 = Release|Any CPU
	EndGlobalSection
	GlobalSection(SolutionProperties) = preSolution
		HideSolutionNode = FALSE
	EndGlobalSection
	GlobalSection(ExtensibilityGlobals) = postSolution
		SolutionGuid = {849259BC-1650-415D-8761-B8286B836DC5}
	EndGlobalSection
EndGlobal
